// !$*UTF8*$!
{
	archiveVersion = 1;
	classes = {
	};
	objectVersion = 56;
	objects = {
/* Begin PBXBuildFile section */
/* End PBXBuildFile section */

/* Begin PBXFileReference section */
/* End PBXFileReference section */

/* Begin PBXFrameworksBuildPhase section */
/* End PBXFrameworksBuildPhase section */

/* Begin PBXGroup section */
/* End PBXGroup section */

/* Begin PBXNativeTarget section */
/* End PBXNativeTarget section */

/* Begin PBXProject section */
/* End PBXProject section */

/* Begin XCBuildConfiguration section */
/* End XCBuildConfiguration section */

	};
	rootObject = 1793F6D82C8E4B5F00A1B2C3 /* Project object */;
}
